
Microsoft Visual Studio Solution File, Format Version 12.00
# Visual Studio Version 17
VisualStudioVersion = 17.1.32328.378
MinimumVisualStudioVersion = 10.0.40219.1
Project("{FAE04EC0-301F-11D3-BF4B-00C04F79EFBC}") = "Solid-I", "Solid-I.csproj", "{AB289B53-4291-42A8-850E-8C0F2CFB1DDD}"
EndProject
Global
	GlobalSection(SolutionConfigurationPlatforms) = preSolution
		Debug|Any CPU = Debug|Any CPU
		Release|Any CPU = Release|Any CPU
	EndGlobalSection
	GlobalSection(ProjectConfigurationPlatforms) = postSolution
		{AB289B53-4291-42A8-850E-8C0F2CFB1DDD}.Debug|Any CPU.ActiveCfg = Debug|Any CPU
		{AB289B53-4291-42A8-850E-8C0F2CFB1DDD}.Debug|Any CPU.Build.0 = Debug|Any CPU
		{AB289B53-4291-42A8-850E-8C0F2CFB1DDD}.Release|Any CPU.ActiveCfg = Release|Any CPU
		{AB289B53-4291-42A8-850E-8C0F2CFB1DDD}.Release|Any CPU.Build.0 = Release|Any CPU
	EndGlobalSection
	GlobalSection(SolutionProperties) = preSolution
		HideSolutionNode = FALSE
	EndGlobalSection
	GlobalSection(ExtensibilityGlobals) = postSolution
		SolutionGuid = {5889B21F-0C7F-4716-B839-4DBD4CAA8AAE}
	EndGlobalSection
EndGlobal
